
Microsoft Visual Studio Solution File, Format Version 12.00
# Visual Studio Version 17
VisualStudioVersion = 17.0.32112.339
MinimumVisualStudioVersion = 10.0.40219.1
Project("{9A19103F-16F7-4668-BE54-9A1E7A4F7556}") = "MIDDLEWARE.LOG.APPLICATION", "MIDDLEWARE.LOG.APPLICATION\MIDDLEWARE.LOG.APPLICATION.csproj", "{6F108D00-545E-4CEF-8F35-DF560C63ED9D}"
EndProject
Project("{FAE04EC0-301F-11D3-BF4B-00C04F79EFBC}") = "MIDDLEWARE.LOG.TEST", "MIDDLEWARE.LOG.TEST\MIDDLEWARE.LOG.TEST.csproj", "{BB1A0013-54E8-41C3-9ED0-682D77E10A5F}"
EndProject
Global
	GlobalSection(SolutionConfigurationPlatforms) = preSolution
		Debug|Any CPU = Debug|Any CPU
		Debug|x64 = Debug|x64
		Release|Any CPU = Release|Any CPU
		Release|x64 = Release|x64
	EndGlobalSection
	GlobalSection(ProjectConfigurationPlatforms) = postSolution
		{6F108D00-545E-4CEF-8F35-DF560C63ED9D}.Debug|Any CPU.ActiveCfg = Debug|Any CPU
		{6F108D00-545E-4CEF-8F35-DF560C63ED9D}.Debug|Any CPU.Build.0 = Debug|Any CPU
		{6F108D00-545E-4CEF-8F35-DF560C63ED9D}.Debug|x64.ActiveCfg = Debug|x64
		{6F108D00-545E-4CEF-8F35-DF560C63ED9D}.Debug|x64.Build.0 = Debug|x64
		{6F108D00-545E-4CEF-8F35-DF560C63ED9D}.Release|Any CPU.ActiveCfg = Release|Any CPU
		{6F108D00-545E-4CEF-8F35-DF560C63ED9D}.Release|Any CPU.Build.0 = Release|Any CPU
		{6F108D00-545E-4CEF-8F35-DF560C63ED9D}.Release|x64.ActiveCfg = Release|x64
		{6F108D00-545E-4CEF-8F35-DF560C63ED9D}.Release|x64.Build.0 = Release|x64
		{BB1A0013-54E8-41C3-9ED0-682D77E10A5F}.Debug|Any CPU.ActiveCfg = Debug|Any CPU
		{BB1A0013-54E8-41C3-9ED0-682D77E10A5F}.Debug|Any CPU.Build.0 = Debug|Any CPU
		{BB1A0013-54E8-41C3-9ED0-682D77E10A5F}.Debug|x64.ActiveCfg = Debug|Any CPU
		{BB1A0013-54E8-41C3-9ED0-682D77E10A5F}.Debug|x64.Build.0 = Debug|Any CPU
		{BB1A0013-54E8-41C3-9ED0-682D77E10A5F}.Release|Any CPU.ActiveCfg = Release|Any CPU
		{BB1A0013-54E8-41C3-9ED0-682D77E10A5F}.Release|Any CPU.Build.0 = Release|Any CPU
		{BB1A0013-54E8-41C3-9ED0-682D77E10A5F}.Release|x64.ActiveCfg = Release|Any CPU
		{BB1A0013-54E8-41C3-9ED0-682D77E10A5F}.Release|x64.Build.0 = Release|Any CPU
	EndGlobalSection
	GlobalSection(SolutionProperties) = preSolution
		HideSolutionNode = FALSE
	EndGlobalSection
	GlobalSection(ExtensibilityGlobals) = postSolution
		SolutionGuid = {703FA25F-5A71-4371-8C20-14C9B5227983}
	EndGlobalSection
EndGlobal
